
Microsoft Visual Studio Solution File, Format Version 12.00
# Visual Studio Version 16
VisualStudioVersion = 16.0.29613.14
MinimumVisualStudioVersion = 10.0.40219.1
Project("{FAE04EC0-301F-11D3-BF4B-00C04F79EFBC}") = "FactoryMethod", "FactoryMethod\FactoryMethod.csproj", "{125AFFB4-1308-48A5-AAA3-2D0CA6D6F1ED}"
EndProject
Global
	GlobalSection(SolutionConfigurationPlatforms) = preSolution
		Debug|Any CPU = Debug|Any CPU
		Release|Any CPU = Release|Any CPU
	EndGlobalSection
	GlobalSection(ProjectConfigurationPlatforms) = postSolution
		{125AFFB4-1308-48A5-AAA3-2D0CA6D6F1ED}.Debug|Any CPU.ActiveCfg = Debug|Any CPU
		{125AFFB4-1308-48A5-AAA3-2D0CA6D6F1ED}.Debug|Any CPU.Build.0 = Debug|Any CPU
		{125AFFB4-1308-48A5-AAA3-2D0CA6D6F1ED}.Release|Any CPU.ActiveCfg = Release|Any CPU
		{125AFFB4-1308-48A5-AAA3-2D0CA6D6F1ED}.Release|Any CPU.Build.0 = Release|Any CPU
	EndGlobalSection
	GlobalSection(SolutionProperties) = preSolution
		HideSolutionNode = FALSE
	EndGlobalSection
	GlobalSection(ExtensibilityGlobals) = postSolution
		SolutionGuid = {079A78C8-ECAD-42C6-8D8C-E17F5CC0B155}
	EndGlobalSection
EndGlobal
